
Microsoft Visual Studio Solution File, Format Version 12.00
# Visual Studio Version 17
VisualStudioVersion = 17.13.35913.81 d17.13
MinimumVisualStudioVersion = 10.0.40219.1
Project("{FAE04EC0-301F-11D3-BF4B-00C04F79EFBC}") = "Bai2", "Bai2.csproj", "{7072636D-A302-4D61-99AE-B09408A0136D}"
EndProject
Global
	GlobalSection(SolutionConfigurationPlatforms) = preSolution
		Debug|Any CPU = Debug|Any CPU
		Release|Any CPU = Release|Any CPU
	EndGlobalSection
	GlobalSection(ProjectConfigurationPlatforms) = postSolution
		{7072636D-A302-4D61-99AE-B09408A0136D}.Debug|Any CPU.ActiveCfg = Debug|Any CPU
		{7072636D-A302-4D61-99AE-B09408A0136D}.Debug|Any CPU.Build.0 = Debug|Any CPU
		{7072636D-A302-4D61-99AE-B09408A0136D}.Release|Any CPU.ActiveCfg = Release|Any CPU
		{7072636D-A302-4D61-99AE-B09408A0136D}.Release|Any CPU.Build.0 = Release|Any CPU
	EndGlobalSection
	GlobalSection(SolutionProperties) = preSolution
		HideSolutionNode = FALSE
	EndGlobalSection
	GlobalSection(ExtensibilityGlobals) = postSolution
		SolutionGuid = {98BFA6E3-A16F-4ACD-A1C6-43A7A6D6EF18}
	EndGlobalSection
EndGlobal
